github.com/MihailShev/algo-tester v0.0.5 h1:oYweDBbz3Bvj3MVh22iVYai9/NaUZpmXSTq9139DwvQ=
github.com/MihailShev/algo-tester v0.0.5/go.mod h1:OEO1DZ/8Ys8jjLpSSllPUuaaz0EyzeM7/TCA+blOOA4=
github.com/MihailShev/algo-tester v0.0.6 h1:y5Ggotc1pvTBfHpP72oZ0vnVxze9IGiRc7N4l5+7dUw=
github.com/MihailShev/algo-tester v0.0.6/go.mod h1:OEO1DZ/8Ys8jjLpSSllPUuaaz0EyzeM7/TCA+blOOA4=
